
Microsoft Visual Studio Solution File, Format Version 12.00
# Visual Studio Version 17
VisualStudioVersion = 17.7.34018.315
MinimumVisualStudioVersion = 10.0.40219.1
Project("{FAE04EC0-301F-11D3-BF4B-00C04F79EFBC}") = "Labb 8 Generic Collections", "Labb 8 Generic Collections.csproj", "{087B5642-C62C-443C-9041-66889B4C160E}"
EndProject
Global
	GlobalSection(SolutionConfigurationPlatforms) = preSolution
		Debug|Any CPU = Debug|Any CPU
		Release|Any CPU = Release|Any CPU
	EndGlobalSection
	GlobalSection(ProjectConfigurationPlatforms) = postSolution
		{087B5642-C62C-443C-9041-66889B4C160E}.Debug|Any CPU.ActiveCfg = Debug|Any CPU
		{087B5642-C62C-443C-9041-66889B4C160E}.Debug|Any CPU.Build.0 = Debug|Any CPU
		{087B5642-C62C-443C-9041-66889B4C160E}.Release|Any CPU.ActiveCfg = Release|Any CPU
		{087B5642-C62C-443C-9041-66889B4C160E}.Release|Any CPU.Build.0 = Release|Any CPU
	EndGlobalSection
	GlobalSection(SolutionProperties) = preSolution
		HideSolutionNode = FALSE
	EndGlobalSection
	GlobalSection(ExtensibilityGlobals) = postSolution
		SolutionGuid = {4074ABCA-8061-4546-9056-910DD23E8478}
	EndGlobalSection
EndGlobal
